
Microsoft Visual Studio Solution File, Format Version 12.00
# Visual Studio Version 18
VisualStudioVersion = 18.0.11205.157
MinimumVisualStudioVersion = 10.0.40219.1
Project("{9A19103F-16F7-4668-BE54-9A1E7A4F7556}") = "Umbraco.Community.BlockPreview", "src\Umbraco.Community.BlockPreview\Umbraco.Community.BlockPreview.csproj", "{1D66193C-081E-443A-864B-93FF3FC8BC8E}"
EndProject
Project("{54A90642-561A-4BB1-A94E-469ADEE60C69}") = "Umbraco.Community.BlockPreview.UI", "src\Umbraco.Community.BlockPreview.UI\Umbraco.Community.BlockPreview.UI.esproj", "{20018143-B4C3-4945-91AD-87E2BE32A1E4}"
EndProject
Project("{9A19103F-16F7-4668-BE54-9A1E7A4F7556}") = "Umbraco.Community.BlockPreview.TestSite", "examples\Umbraco.Community.BlockPreview.TestSite\Umbraco.Community.BlockPreview.TestSite.csproj", "{77D28651-3BFC-4639-9937-1B5BA95F0455}"
EndProject
Project("{2150E333-8FDC-42A3-9474-1A3956D46DE8}") = "Solution Items", "Solution Items", "{66823D86-8016-47F0-832F-A9CF9FA0989E}"
	ProjectSection(SolutionItems) = preProject
		.editorconfig = .editorconfig
		.gitignore = .gitignore
		AGENTS.md = AGENTS.md
		.github\workflows\build.yml = .github\workflows\build.yml
		Directory.Build.props = Directory.Build.props
		Directory.Packages.props = Directory.Packages.props
		global.json = global.json
		NuGet.config = NuGet.config
		.github\README.md = .github\README.md
		.github\workflows\release.yml = .github\workflows\release.yml
		version.json = version.json
	EndProjectSection
EndProject
Project("{2150E333-8FDC-42A3-9474-1A3956D46DE8}") = "Examples", "Examples", "{E5573C68-5A30-49D8-B235-1A5477F4083F}"
EndProject
Project("{2150E333-8FDC-42A3-9474-1A3956D46DE8}") = "Tests", "Tests", "{638E215F-7A20-459C-A0F4-12ACB4A263F5}"
EndProject
Project("{FAE04EC0-301F-11D3-BF4B-00C04F79EFBC}") = "Umbraco.Community.BlockPreview.Tests", "tests\Umbraco.Community.BlockPreview.Tests\Umbraco.Community.BlockPreview.Tests.csproj", "{55EA1950-D456-0B8B-3D02-C1B73A189812}"
EndProject
Project("{E24C65DC-7377-472B-9ABA-BC803B73C61A}") = "Umbraco.Community.BlockPreview.AcceptanceTests", "tests\Umbraco.Community.BlockPreview.AcceptanceTests\", "{A3B2C1D4-E5F6-4A7B-8C9D-0E1F2A3B4C5D}"
	ProjectSection(WebsiteProperties) = preProject
		UseIISExpress = "true"
		TargetFrameworkMoniker = ".NETFramework,Version%3Dv4.5.2"
		Debug.AspNetCompiler.VirtualPath = "/localhost_44369"
		Debug.AspNetCompiler.PhysicalPath = "tests\Umbraco.Community.BlockPreview.AcceptanceTests\"
		Debug.AspNetCompiler.TargetPath = "PrecompiledWeb\localhost_44369\"
		Debug.AspNetCompiler.Updateable = "true"
		Debug.AspNetCompiler.ForceOverwrite = "true"
		Debug.AspNetCompiler.FixedNames = "false"
		Debug.AspNetCompiler.Debug = "True"
		Release.AspNetCompiler.VirtualPath = "/localhost_44369"
		Release.AspNetCompiler.PhysicalPath = "tests\Umbraco.Community.BlockPreview.AcceptanceTests\"
		Release.AspNetCompiler.TargetPath = "PrecompiledWeb\localhost_44369\"
		Release.AspNetCompiler.Updateable = "true"
		Release.AspNetCompiler.ForceOverwrite = "true"
		Release.AspNetCompiler.FixedNames = "false"
		Release.AspNetCompiler.Debug = "False"
		VWDPort = "59463"
		SlnRelativePath = "tests\Umbraco.Community.BlockPreview.AcceptanceTests\"
		DefaultWebSiteLanguage = "Visual C#"
		StartServerOnDebug = "false"
	EndProjectSection
EndProject
Global
	GlobalSection(SolutionConfigurationPlatforms) = preSolution
		Debug|Any CPU = Debug|Any CPU
		Debug|x64 = Debug|x64
		Debug|x86 = Debug|x86
		Release|Any CPU = Release|Any CPU
		Release|x64 = Release|x64
		Release|x86 = Release|x86
	EndGlobalSection
	GlobalSection(ProjectConfigurationPlatforms) = postSolution
		{1D66193C-081E-443A-864B-93FF3FC8BC8E}.Debug|Any CPU.ActiveCfg = Debug|Any CPU
		{1D66193C-081E-443A-864B-93FF3FC8BC8E}.Debug|Any CPU.Build.0 = Debug|Any CPU
		{1D66193C-081E-443A-864B-93FF3FC8BC8E}.Debug|x64.ActiveCfg = Debug|Any CPU
		{1D66193C-081E-443A-864B-93FF3FC8BC8E}.Debug|x64.Build.0 = Debug|Any CPU
		{1D66193C-081E-443A-864B-93FF3FC8BC8E}.Debug|x86.ActiveCfg = Debug|Any CPU
		{1D66193C-081E-443A-864B-93FF3FC8BC8E}.Debug|x86.Build.0 = Debug|Any CPU
		{1D66193C-081E-443A-864B-93FF3FC8BC8E}.Release|Any CPU.ActiveCfg = Release|Any CPU
		{1D66193C-081E-443A-864B-93FF3FC8BC8E}.Release|Any CPU.Build.0 = Release|Any CPU
		{1D66193C-081E-443A-864B-93FF3FC8BC8E}.Release|x64.ActiveCfg = Release|Any CPU
		{1D66193C-081E-443A-864B-93FF3FC8BC8E}.Release|x64.Build.0 = Release|Any CPU
		{1D66193C-081E-443A-864B-93FF3FC8BC8E}.Release|x86.ActiveCfg = Release|Any CPU
		{1D66193C-081E-443A-864B-93FF3FC8BC8E}.Release|x86.Build.0 = Release|Any CPU
		{20018143-B4C3-4945-91AD-87E2BE32A1E4}.Debug|Any CPU.ActiveCfg = Debug|Any CPU
		{20018143-B4C3-4945-91AD-87E2BE32A1E4}.Debug|Any CPU.Build.0 = Debug|Any CPU
		{20018143-B4C3-4945-91AD-87E2BE32A1E4}.Debug|Any CPU.Deploy.0 = Debug|Any CPU
		{20018143-B4C3-4945-91AD-87E2BE32A1E4}.Debug|x64.ActiveCfg = Debug|x64
		{20018143-B4C3-4945-91AD-87E2BE32A1E4}.Debug|x86.ActiveCfg = Debug|x86
		{20018143-B4C3-4945-91AD-87E2BE32A1E4}.Release|Any CPU.ActiveCfg = Release|Any CPU
		{20018143-B4C3-4945-91AD-87E2BE32A1E4}.Release|Any CPU.Build.0 = Release|Any CPU
		{20018143-B4C3-4945-91AD-87E2BE32A1E4}.Release|Any CPU.Deploy.0 = Release|Any CPU
		{20018143-B4C3-4945-91AD-87E2BE32A1E4}.Release|x64.ActiveCfg = Release|x64
		{20018143-B4C3-4945-91AD-87E2BE32A1E4}.Release|x86.ActiveCfg = Release|x86
		{77D28651-3BFC-4639-9937-1B5BA95F0455}.Debug|Any CPU.ActiveCfg = Debug|Any CPU
		{77D28651-3BFC-4639-9937-1B5BA95F0455}.Debug|Any CPU.Build.0 = Debug|Any CPU
		{77D28651-3BFC-4639-9937-1B5BA95F0455}.Debug|x64.ActiveCfg = Debug|Any CPU
		{77D28651-3BFC-4639-9937-1B5BA95F0455}.Debug|x64.Build.0 = Debug|Any CPU
		{77D28651-3BFC-4639-9937-1B5BA95F0455}.Debug|x86.ActiveCfg = Debug|Any CPU
		{77D28651-3BFC-4639-9937-1B5BA95F0455}.Debug|x86.Build.0 = Debug|Any CPU
		{77D28651-3BFC-4639-9937-1B5BA95F0455}.Release|Any CPU.ActiveCfg = Release|Any CPU
		{77D28651-3BFC-4639-9937-1B5BA95F0455}.Release|Any CPU.Build.0 = Release|Any CPU
		{77D28651-3BFC-4639-9937-1B5BA95F0455}.Release|x64.ActiveCfg = Release|Any CPU
		{77D28651-3BFC-4639-9937-1B5BA95F0455}.Release|x64.Build.0 = Release|Any CPU
		{77D28651-3BFC-4639-9937-1B5BA95F0455}.Release|x86.ActiveCfg = Release|Any CPU
		{77D28651-3BFC-4639-9937-1B5BA95F0455}.Release|x86.Build.0 = Release|Any CPU
		{55EA1950-D456-0B8B-3D02-C1B73A189812}.Debug|Any CPU.ActiveCfg = Debug|Any CPU
		{55EA1950-D456-0B8B-3D02-C1B73A189812}.Debug|Any CPU.Build.0 = Debug|Any CPU
		{55EA1950-D456-0B8B-3D02-C1B73A189812}.Debug|x64.ActiveCfg = Debug|Any CPU
		{55EA1950-D456-0B8B-3D02-C1B73A189812}.Debug|x64.Build.0 = Debug|Any CPU
		{55EA1950-D456-0B8B-3D02-C1B73A189812}.Debug|x86.ActiveCfg = Debug|Any CPU
		{55EA1950-D456-0B8B-3D02-C1B73A189812}.Debug|x86.Build.0 = Debug|Any CPU
		{55EA1950-D456-0B8B-3D02-C1B73A189812}.Release|Any CPU.ActiveCfg = Release|Any CPU
		{55EA1950-D456-0B8B-3D02-C1B73A189812}.Release|Any CPU.Build.0 = Release|Any CPU
		{55EA1950-D456-0B8B-3D02-C1B73A189812}.Release|x64.ActiveCfg = Release|Any CPU
		{55EA1950-D456-0B8B-3D02-C1B73A189812}.Release|x64.Build.0 = Release|Any CPU
		{55EA1950-D456-0B8B-3D02-C1B73A189812}.Release|x86.ActiveCfg = Release|Any CPU
		{55EA1950-D456-0B8B-3D02-C1B73A189812}.Release|x86.Build.0 = Release|Any CPU
		{A3B2C1D4-E5F6-4A7B-8C9D-0E1F2A3B4C5D}.Debug|Any CPU.ActiveCfg = Debug|Any CPU
		{A3B2C1D4-E5F6-4A7B-8C9D-0E1F2A3B4C5D}.Debug|Any CPU.Build.0 = Debug|Any CPU
		{A3B2C1D4-E5F6-4A7B-8C9D-0E1F2A3B4C5D}.Debug|x64.ActiveCfg = Debug|Any CPU
		{A3B2C1D4-E5F6-4A7B-8C9D-0E1F2A3B4C5D}.Debug|x64.Build.0 = Debug|Any CPU
		{A3B2C1D4-E5F6-4A7B-8C9D-0E1F2A3B4C5D}.Debug|x86.ActiveCfg = Debug|Any CPU
		{A3B2C1D4-E5F6-4A7B-8C9D-0E1F2A3B4C5D}.Debug|x86.Build.0 = Debug|Any CPU
		{A3B2C1D4-E5F6-4A7B-8C9D-0E1F2A3B4C5D}.Release|Any CPU.ActiveCfg = Debug|Any CPU
		{A3B2C1D4-E5F6-4A7B-8C9D-0E1F2A3B4C5D}.Release|Any CPU.Build.0 = Debug|Any CPU
		{A3B2C1D4-E5F6-4A7B-8C9D-0E1F2A3B4C5D}.Release|x64.ActiveCfg = Debug|Any CPU
		{A3B2C1D4-E5F6-4A7B-8C9D-0E1F2A3B4C5D}.Release|x64.Build.0 = Debug|Any CPU
		{A3B2C1D4-E5F6-4A7B-8C9D-0E1F2A3B4C5D}.Release|x86.ActiveCfg = Debug|Any CPU
		{A3B2C1D4-E5F6-4A7B-8C9D-0E1F2A3B4C5D}.Release|x86.Build.0 = Debug|Any CPU
	EndGlobalSection
	GlobalSection(SolutionProperties) = preSolution
		HideSolutionNode = FALSE
	EndGlobalSection
	GlobalSection(NestedProjects) = preSolution
		{77D28651-3BFC-4639-9937-1B5BA95F0455} = {E5573C68-5A30-49D8-B235-1A5477F4083F}
		{55EA1950-D456-0B8B-3D02-C1B73A189812} = {638E215F-7A20-459C-A0F4-12ACB4A263F5}
		{A3B2C1D4-E5F6-4A7B-8C9D-0E1F2A3B4C5D} = {638E215F-7A20-459C-A0F4-12ACB4A263F5}
	EndGlobalSection
	GlobalSection(ExtensibilityGlobals) = postSolution
		SolutionGuid = {7FED6BA7-2D2C-452A-A791-36F6519BC64C}
	EndGlobalSection
EndGlobal
